
Microsoft Visual Studio Solution File, Format Version 12.00
# Visual Studio Version 17
VisualStudioVersion = 17.5.33424.131
MinimumVisualStudioVersion = 10.0.40219.1
Project("{FAE04EC0-301F-11D3-BF4B-00C04F79EFBC}") = "ToDo.UI", "ToDo.UI\ToDo.UI.csproj", "{F4D8542E-CAE8-4A14-885E-DBB9383217E2}"
EndProject
Project("{FAE04EC0-301F-11D3-BF4B-00C04F79EFBC}") = "ToDo.Application", "ToDo.Application\ToDo.Application.csproj", "{711E3EE5-DA3B-400A-A6C8-32CA998B1163}"
EndProject
Project("{FAE04EC0-301F-11D3-BF4B-00C04F79EFBC}") = "ToDo.Domain", "ToDo.Domain\ToDo.Domain.csproj", "{35616763-39F9-4B8B-9272-859809822804}"
EndProject
Project("{FAE04EC0-301F-11D3-BF4B-00C04F79EFBC}") = "ToDo.Infrastructure", "ToDo.Infrastructure\ToDo.Infrastructure.csproj", "{109D3381-1D47-437E-AAED-D471FC8FF32C}"
EndProject
Project("{FAE04EC0-301F-11D3-BF4B-00C04F79EFBC}") = "ToDo.Persistence", "ToDo.Persistence\ToDo.Persistence.csproj", "{59641703-845D-41D6-BA53-73BA09776549}"
EndProject
Global
	GlobalSection(SolutionConfigurationPlatforms) = preSolution
		Debug|Any CPU = Debug|Any CPU
		Release|Any CPU = Release|Any CPU
	EndGlobalSection
	GlobalSection(ProjectConfigurationPlatforms) = postSolution
		{F4D8542E-CAE8-4A14-885E-DBB9383217E2}.Debug|Any CPU.ActiveCfg = Debug|Any CPU
		{F4D8542E-CAE8-4A14-885E-DBB9383217E2}.Debug|Any CPU.Build.0 = Debug|Any CPU
		{F4D8542E-CAE8-4A14-885E-DBB9383217E2}.Release|Any CPU.ActiveCfg = Release|Any CPU
		{F4D8542E-CAE8-4A14-885E-DBB9383217E2}.Release|Any CPU.Build.0 = Release|Any CPU
		{711E3EE5-DA3B-400A-A6C8-32CA998B1163}.Debug|Any CPU.ActiveCfg = Debug|Any CPU
		{711E3EE5-DA3B-400A-A6C8-32CA998B1163}.Debug|Any CPU.Build.0 = Debug|Any CPU
		{711E3EE5-DA3B-400A-A6C8-32CA998B1163}.Release|Any CPU.ActiveCfg = Release|Any CPU
		{711E3EE5-DA3B-400A-A6C8-32CA998B1163}.Release|Any CPU.Build.0 = Release|Any CPU
		{35616763-39F9-4B8B-9272-859809822804}.Debug|Any CPU.ActiveCfg = Debug|Any CPU
		{35616763-39F9-4B8B-9272-859809822804}.Debug|Any CPU.Build.0 = Debug|Any CPU
		{35616763-39F9-4B8B-9272-859809822804}.Release|Any CPU.ActiveCfg = Release|Any CPU
		{35616763-39F9-4B8B-9272-859809822804}.Release|Any CPU.Build.0 = Release|Any CPU
		{109D3381-1D47-437E-AAED-D471FC8FF32C}.Debug|Any CPU.ActiveCfg = Debug|Any CPU
		{109D3381-1D47-437E-AAED-D471FC8FF32C}.Debug|Any CPU.Build.0 = Debug|Any CPU
		{109D3381-1D47-437E-AAED-D471FC8FF32C}.Release|Any CPU.ActiveCfg = Release|Any CPU
		{109D3381-1D47-437E-AAED-D471FC8FF32C}.Release|Any CPU.Build.0 = Release|Any CPU
		{59641703-845D-41D6-BA53-73BA09776549}.Debug|Any CPU.ActiveCfg = Debug|Any CPU
		{59641703-845D-41D6-BA53-73BA09776549}.Debug|Any CPU.Build.0 = Debug|Any CPU
		{59641703-845D-41D6-BA53-73BA09776549}.Release|Any CPU.ActiveCfg = Release|Any CPU
		{59641703-845D-41D6-BA53-73BA09776549}.Release|Any CPU.Build.0 = Release|Any CPU
	EndGlobalSection
	GlobalSection(SolutionProperties) = preSolution
		HideSolutionNode = FALSE
	EndGlobalSection
	GlobalSection(ExtensibilityGlobals) = postSolution
		SolutionGuid = {A186913B-6AD1-491C-957B-5F624FB74CF4}
	EndGlobalSection
EndGlobal
